// !$*UTF8*$!
{
	archiveVersion = 1;
	classes = {
	};
	objectVersion = 50;
	objects = {

/* Begin PBXBuildFile section */
		51B27D2B237842B400CF7234 /* main.cpp in Sources */ = {isa = PBXBuildFile; fileRef = 51B27D2A237842B400CF7234 /* main.cpp */; };
		51B27D34237842C900CF7234 /* supportClass.h in Frameworks */ = {isa = PBXBuildFile; fileRef = 51B27D32237842C900CF7234 /* supportClass.h */; };
		51B27D35237842C900CF7234 /* Canvas.h in Frameworks */ = {isa = PBXBuildFile; fileRef = 51B27D33237842C900CF7234 /* Canvas.h */; };
		51B27D37237842CE00CF7234 /* OpenGL.framework in Frameworks */ = {isa = PBXBuildFile; fileRef = 51B27D36237842CE00CF7234 /* OpenGL.framework */; };
		51B27D39237842D300CF7234 /* GLUT.framework in Frameworks */ = {isa = PBXBuildFile; fileRef = 51B27D38237842D300CF7234 /* GLUT.framework */; };
		51B27D3B237842DB00CF7234 /* Canvas.cpp in Sources */ = {isa = PBXBuildFile; fileRef = 51B27D3A237842DB00CF7234 /* Canvas.cpp */; };
/* End PBXBuildFile section */

/* Begin PBXCopyFilesBuildPhase section */
		51B27D25237842B400CF7234 /* CopyFiles */ = {
			isa = PBXCopyFilesBuildPhase;
			buildActionMask = 2147483647;
			dstPath = /usr/share/man/man1/;
			dstSubfolderSpec = 0;
			files = (
			);
			runOnlyForDeploymentPostprocessing = 1;
		};
/* End PBXCopyFilesBuildPhase section */

/* Begin PBXFileReference section */
		51B27D27237842B400CF7234 /* Lab2-Bai8 */ = {isa = PBXFileReference; explicitFileType = "compiled.mach-o.executable"; includeInIndex = 0; path = "Lab2-Bai8"; sourceTree = BUILT_PRODUCTS_DIR; };
		51B27D2A237842B400CF7234 /* main.cpp */ = {isa = PBXFileReference; lastKnownFileType = sourcecode.cpp.cpp; path = main.cpp; sourceTree = "<group>"; };
		51B27D32237842C900CF7234 /* supportClass.h */ = {isa = PBXFileReference; lastKnownFileType = sourcecode.c.h; name = supportClass.h; path = "../../../../../Documents/Môn Học/In Progress/Đồ Hoạ ƯD/Lab/Canvas/supportClass.h"; sourceTree = "<group>"; };
		51B27D33237842C900CF7234 /* Canvas.h */ = {isa = PBXFileReference; lastKnownFileType = sourcecode.c.h; name = Canvas.h; path = "../../../../../Documents/Môn Học/In Progress/Đồ Hoạ ƯD/Lab/Canvas/Canvas.h"; sourceTree = "<group>"; };
		51B27D36237842CE00CF7234 /* OpenGL.framework */ = {isa = PBXFileReference; lastKnownFileType = wrapper.framework; name = OpenGL.framework; path = System/Library/Frameworks/OpenGL.framework; sourceTree = SDKROOT; };
		51B27D38237842D300CF7234 /* GLUT.framework */ = {isa = PBXFileReference; lastKnownFileType = wrapper.framework; name = GLUT.framework; path = System/Library/Frameworks/GLUT.framework; sourceTree = SDKROOT; };
		51B27D3A237842DB00CF7234 /* Canvas.cpp */ = {isa = PBXFileReference; fileEncoding = 4; lastKnownFileType = sourcecode.cpp.cpp; name = Canvas.cpp; path = "../../../../../../Documents/Môn Học/In Progress/Đồ Hoạ ƯD/Lab/Canvas/Canvas.cpp"; sourceTree = "<group>"; };
/* End PBXFileReference section */

/* Begin PBXFrameworksBuildPhase section */
		51B27D24237842B400CF7234 /* Frameworks */ = {
			isa = PBXFrameworksBuildPhase;
			buildActionMask = 2147483647;
			files = (
				51B27D39237842D300CF7234 /* GLUT.framework in Frameworks */,
				51B27D37237842CE00CF7234 /* OpenGL.framework in Frameworks */,
				51B27D34237842C900CF7234 /* supportClass.h in Frameworks */,
				51B27D35237842C900CF7234 /* Canvas.h in Frameworks */,
			);
			runOnlyForDeploymentPostprocessing = 0;
		};
/* End PBXFrameworksBuildPhase section */

/* Begin PBXGroup section */
		51B27D1E237842B400CF7234 = {
			isa = PBXGroup;
			children = (
				51B27D29237842B400CF7234 /* Lab2-Bai8 */,
				51B27D28237842B400CF7234 /* Products */,
				51B27D31237842C900CF7234 /* Frameworks */,
			);
			sourceTree = "<group>";
		};
		51B27D28237842B400CF7234 /* Products */ = {
			isa = PBXGroup;
			children = (
				51B27D27237842B400CF7234 /* Lab2-Bai8 */,
			);
			name = Products;
			sourceTree = "<group>";
		};
		51B27D29237842B400CF7234 /* Lab2-Bai8 */ = {
			isa = PBXGroup;
			children = (
				51B27D2A237842B400CF7234 /* main.cpp */,
				51B27D3A237842DB00CF7234 /* Canvas.cpp */,
			);
			path = "Lab2-Bai8";
			sourceTree = "<group>";
		};
		51B27D31237842C900CF7234 /* Frameworks */ = {
			isa = PBXGroup;
			children = (
				51B27D38237842D300CF7234 /* GLUT.framework */,
				51B27D36237842CE00CF7234 /* OpenGL.framework */,
				51B27D33237842C900CF7234 /* Canvas.h */,
				51B27D32237842C900CF7234 /* supportClass.h */,
			);
			name = Frameworks;
			sourceTree = "<group>";
		};
/* End PBXGroup section */

/* Begin PBXNativeTarget section */
		51B27D26237842B400CF7234 /* Lab2-Bai8 */ = {
			isa = PBXNativeTarget;
			buildConfigurationList = 51B27D2E237842B400CF7234 /* Build configuration list for PBXNativeTarget "Lab2-Bai8" */;
			buildPhases = (
				51B27D23237842B400CF7234 /* Sources */,
				51B27D24237842B400CF7234 /* Frameworks */,
				51B27D25237842B400CF7234 /* CopyFiles */,
			);
			buildRules = (
			);
			dependencies = (
			);
			name = "Lab2-Bai8";
			productName = "Lab2-Bai8";
			productReference = 51B27D27237842B400CF7234 /* Lab2-Bai8 */;
			productType = "com.apple.product-type.tool";
		};
/* End PBXNativeTarget section */

/* Begin PBXProject section */
		51B27D1F237842B400CF7234 /* Project object */ = {
			isa = PBXProject;
			attributes = {
				LastUpgradeCheck = 1120;
				ORGANIZATIONNAME = ManlyHumg;
				TargetAttributes = {
					51B27D26237842B400CF7234 = {
						CreatedOnToolsVersion = 11.2;
					};
				};
			};
			buildConfigurationList = 51B27D22237842B400CF7234 /* Build configuration list for PBXProject "Lab2-Bai8" */;
			compatibilityVersion = "Xcode 9.3";
			developmentRegion = en;
			hasScannedForEncodings = 0;
			knownRegions = (
				en,
				Base,
			);
			mainGroup = 51B27D1E237842B400CF7234;
			productRefGroup = 51B27D28237842B400CF7234 /* Products */;
			projectDirPath = "";
			projectRoot = "";
			targets = (
				51B27D26237842B400CF7234 /* Lab2-Bai8 */,
			);
		};
/* End PBXProject section */

/* Begin PBXSourcesBuildPhase section */
		51B27D23237842B400CF7234 /* Sources */ = {
			isa = PBXSourcesBuildPhase;
			buildActionMask = 2147483647;
			files = (
				51B27D2B237842B400CF7234 /* main.cpp in Sources */,
				51B27D3B237842DB00CF7234 /* Canvas.cpp in Sources */,
			);
			runOnlyForDeploymentPostprocessing = 0;
		};
/* End PBXSourcesBuildPhase section */

/* Begin XCBuildConfiguration section */
		51B27D2C237842B400CF7234 /* Debug */ = {
			isa = XCBuildConfiguration;
			buildSettings = {
				ALWAYS_SEARCH_USER_PATHS = NO;
				CLANG_ANALYZER_NONNULL = YES;
				CLANG_ANALYZER_NUMBER_OBJECT_CONVERSION = YES_AGGRESSIVE;
				CLANG_CXX_LANGUAGE_STANDARD = "gnu++14";
				CLANG_CXX_LIBRARY = "libc++";
				CLANG_ENABLE_MODULES = YES;
				CLANG_ENABLE_OBJC_ARC = YES;
				CLANG_ENABLE_OBJC_WEAK = YES;
				CLANG_WARN_BLOCK_CAPTURE_AUTORELEASING = YES;
				CLANG_WARN_BOOL_CONVERSION = YES;
				CLANG_WARN_COMMA = YES;
				CLANG_WARN_CONSTANT_CONVERSION = YES;
				CLANG_WARN_DEPRECATED_OBJC_IMPLEMENTATIONS = YES;
				CLANG_WARN_DIRECT_OBJC_ISA_USAGE = YES_ERROR;
				CLANG_WARN_DOCUMENTATION_COMMENTS = YES;
				CLANG_WARN_EMPTY_BODY = YES;
				CLANG_WARN_ENUM_CONVERSION = YES;
				CLANG_WARN_INFINITE_RECURSION = YES;
				CLANG_WARN_INT_CONVERSION = YES;
				CLANG_WARN_NON_LITERAL_NULL_CONVERSION = YES;
				CLANG_WARN_OBJC_IMPLICIT_RETAIN_SELF = YES;
				CLANG_WARN_OBJC_LITERAL_CONVERSION = YES;
				CLANG_WARN_OBJC_ROOT_CLASS = YES_ERROR;
				CLANG_WARN_RANGE_LOOP_ANALYSIS = YES;
				CLANG_WARN_STRICT_PROTOTYPES = YES;
				CLANG_WARN_SUSPICIOUS_MOVE = YES;
				CLANG_WARN_UNGUARDED_AVAILABILITY = YES_AGGRESSIVE;
				CLANG_WARN_UNREACHABLE_CODE = YES;
				CLANG_WARN__DUPLICATE_METHOD_MATCH = YES;
				COPY_PHASE_STRIP = NO;
				DEBUG_INFORMATION_FORMAT = dwarf;
				ENABLE_STRICT_OBJC_MSGSEND = YES;
				ENABLE_TESTABILITY = YES;
				GCC_C_LANGUAGE_STANDARD = gnu11;
				GCC_DYNAMIC_NO_PIC = NO;
				GCC_NO_COMMON_BLOCKS = YES;
				GCC_OPTIMIZATION_LEVEL = 0;
				GCC_PREPROCESSOR_DEFINITIONS = (
					"DEBUG=1",
					"$(inherited)",
				);
				GCC_WARN_64_TO_32_BIT_CONVERSION = YES;
				GCC_WARN_ABOUT_RETURN_TYPE = YES_ERROR;
				GCC_WARN_UNDECLARED_SELECTOR = YES;
				GCC_WARN_UNINITIALIZED_AUTOS = YES_AGGRESSIVE;
				GCC_WARN_UNUSED_FUNCTION = YES;
				GCC_WARN_UNUSED_VARIABLE = YES;
				MACOSX_DEPLOYMENT_TARGET = 10.15;
				MTL_ENABLE_DEBUG_INFO = INCLUDE_SOURCE;
				MTL_FAST_MATH = YES;
				ONLY_ACTIVE_ARCH = YES;
				SDKROOT = macosx;
			};
			name = Debug;
		};
		51B27D2D237842B400CF7234 /* Release */ = {
			isa = XCBuildConfiguration;
			buildSettings = {
				ALWAYS_SEARCH_USER_PATHS = NO;
				CLANG_ANALYZER_NONNULL = YES;
				CLANG_ANALYZER_NUMBER_OBJECT_CONVERSION = YES_AGGRESSIVE;
				CLANG_CXX_LANGUAGE_STANDARD = "gnu++14";
				CLANG_CXX_LIBRARY = "libc++";
				CLANG_ENABLE_MODULES = YES;
				CLANG_ENABLE_OBJC_ARC = YES;
				CLANG_ENABLE_OBJC_WEAK = YES;
				CLANG_WARN_BLOCK_CAPTURE_AUTORELEASING = YES;
				CLANG_WARN_BOOL_CONVERSION = YES;
				CLANG_WARN_COMMA = YES;
				CLANG_WARN_CONSTANT_CONVERSION = YES;
				CLANG_WARN_DEPRECATED_OBJC_IMPLEMENTATIONS = YES;
				CLANG_WARN_DIRECT_OBJC_ISA_USAGE = YES_ERROR;
				CLANG_WARN_DOCUMENTATION_COMMENTS = YES;
				CLANG_WARN_EMPTY_BODY = YES;
				CLANG_WARN_ENUM_CONVERSION = YES;
				CLANG_WARN_INFINITE_RECURSION = YES;
				CLANG_WARN_INT_CONVERSION = YES;
				CLANG_WARN_NON_LITERAL_NULL_CONVERSION = YES;
				CLANG_WARN_OBJC_IMPLICIT_RETAIN_SELF = YES;
				CLANG_WARN_OBJC_LITERAL_CONVERSION = YES;
				CLANG_WARN_OBJC_ROOT_CLASS = YES_ERROR;
				CLANG_WARN_RANGE_LOOP_ANALYSIS = YES;
				CLANG_WARN_STRICT_PROTOTYPES = YES;
				CLANG_WARN_SUSPICIOUS_MOVE = YES;
				CLANG_WARN_UNGUARDED_AVAILABILITY = YES_AGGRESSIVE;
				CLANG_WARN_UNREACHABLE_CODE = YES;
				CLANG_WARN__DUPLICATE_METHOD_MATCH = YES;
				COPY_PHASE_STRIP = NO;
				DEBUG_INFORMATION_FORMAT = "dwarf-with-dsym";
				ENABLE_NS_ASSERTIONS = NO;
				ENABLE_STRICT_OBJC_MSGSEND = YES;
				GCC_C_LANGUAGE_STANDARD = gnu11;
				GCC_NO_COMMON_BLOCKS = YES;
				GCC_WARN_64_TO_32_BIT_CONVERSION = YES;
				GCC_WARN_ABOUT_RETURN_TYPE = YES_ERROR;
				GCC_WARN_UNDECLARED_SELECTOR = YES;
				GCC_WARN_UNINITIALIZED_AUTOS = YES_AGGRESSIVE;
				GCC_WARN_UNUSED_FUNCTION = YES;
				GCC_WARN_UNUSED_VARIABLE = YES;
				MACOSX_DEPLOYMENT_TARGET = 10.15;
				MTL_ENABLE_DEBUG_INFO = NO;
				MTL_FAST_MATH = YES;
				SDKROOT = macosx;
			};
			name = Release;
		};
		51B27D2F237842B400CF7234 /* Debug */ = {
			isa = XCBuildConfiguration;
			buildSettings = {
				CODE_SIGN_STYLE = Automatic;
				PRODUCT_NAME = "$(TARGET_NAME)";
			};
			name = Debug;
		};
		51B27D30237842B400CF7234 /* Release */ = {
			isa = XCBuildConfiguration;
			buildSettings = {
				CODE_SIGN_STYLE = Automatic;
				PRODUCT_NAME = "$(TARGET_NAME)";
			};
			name = Release;
		};
/* End XCBuildConfiguration section */

/* Begin XCConfigurationList section */
		51B27D22237842B400CF7234 /* Build configuration list for PBXProject "Lab2-Bai8" */ = {
			isa = XCConfigurationList;
			buildConfigurations = (
				51B27D2C237842B400CF7234 /* Debug */,
				51B27D2D237842B400CF7234 /* Release */,
			);
			defaultConfigurationIsVisible = 0;
			defaultConfigurationName = Release;
		};
		51B27D2E237842B400CF7234 /* Build configuration list for PBXNativeTarget "Lab2-Bai8" */ = {
			isa = XCConfigurationList;
			buildConfigurations = (
				51B27D2F237842B400CF7234 /* Debug */,
				51B27D30237842B400CF7234 /* Release */,
			);
			defaultConfigurationIsVisible = 0;
			defaultConfigurationName = Release;
		};
/* End XCConfigurationList section */
	};
	rootObject = 51B27D1F237842B400CF7234 /* Project object */;
}
